// !$*UTF8*$!
{
	archiveVersion = 1;
	classes = {
	};
	objectVersion = 50;
	objects = {

/* Begin PBXBuildFile section */
		43ECFCEA2526C085000DB0E7 /* TodosList.swift in Sources */ = {isa = PBXBuildFile; fileRef = 43ECFCE92526C085000DB0E7 /* TodosList.swift */; };
		43ECFCED2526C24B000DB0E7 /* Post.swift in Sources */ = {isa = PBXBuildFile; fileRef = 43ECFCEC2526C24B000DB0E7 /* Post.swift */; };
		43ECFCEF2526C50E000DB0E7 /* DetailsPostView.swift in Sources */ = {isa = PBXBuildFile; fileRef = 43ECFCEE2526C50E000DB0E7 /* DetailsPostView.swift */; };
		43FDE75D2526486500E48005 /* AppDelegate.swift in Sources */ = {isa = PBXBuildFile; fileRef = 43FDE75C2526486500E48005 /* AppDelegate.swift */; };
		43FDE75F2526486500E48005 /* SceneDelegate.swift in Sources */ = {isa = PBXBuildFile; fileRef = 43FDE75E2526486500E48005 /* SceneDelegate.swift */; };
		43FDE7612526486500E48005 /* ContentView.swift in Sources */ = {isa = PBXBuildFile; fileRef = 43FDE7602526486500E48005 /* ContentView.swift */; };
		43FDE7632526486D00E48005 /* Assets.xcassets in Resources */ = {isa = PBXBuildFile; fileRef = 43FDE7622526486D00E48005 /* Assets.xcassets */; };
		43FDE7662526486D00E48005 /* Preview Assets.xcassets in Resources */ = {isa = PBXBuildFile; fileRef = 43FDE7652526486D00E48005 /* Preview Assets.xcassets */; };
		43FDE7692526486D00E48005 /* LaunchScreen.storyboard in Resources */ = {isa = PBXBuildFile; fileRef = 43FDE7672526486D00E48005 /* LaunchScreen.storyboard */; };
/* End PBXBuildFile section */

/* Begin PBXFileReference section */
		43ECFCE92526C085000DB0E7 /* TodosList.swift */ = {isa = PBXFileReference; lastKnownFileType = sourcecode.swift; path = TodosList.swift; sourceTree = "<group>"; };
		43ECFCEC2526C24B000DB0E7 /* Post.swift */ = {isa = PBXFileReference; lastKnownFileType = sourcecode.swift; path = Post.swift; sourceTree = "<group>"; };
		43ECFCEE2526C50E000DB0E7 /* DetailsPostView.swift */ = {isa = PBXFileReference; lastKnownFileType = sourcecode.swift; path = DetailsPostView.swift; sourceTree = "<group>"; };
		43FDE7592526486500E48005 /* HaitiCine.app */ = {isa = PBXFileReference; explicitFileType = wrapper.application; includeInIndex = 0; path = HaitiCine.app; sourceTree = BUILT_PRODUCTS_DIR; };
		43FDE75C2526486500E48005 /* AppDelegate.swift */ = {isa = PBXFileReference; lastKnownFileType = sourcecode.swift; path = AppDelegate.swift; sourceTree = "<group>"; };
		43FDE75E2526486500E48005 /* SceneDelegate.swift */ = {isa = PBXFileReference; lastKnownFileType = sourcecode.swift; path = SceneDelegate.swift; sourceTree = "<group>"; };
		43FDE7602526486500E48005 /* ContentView.swift */ = {isa = PBXFileReference; lastKnownFileType = sourcecode.swift; path = ContentView.swift; sourceTree = "<group>"; };
		43FDE7622526486D00E48005 /* Assets.xcassets */ = {isa = PBXFileReference; lastKnownFileType = folder.assetcatalog; path = Assets.xcassets; sourceTree = "<group>"; };
		43FDE7652526486D00E48005 /* Preview Assets.xcassets */ = {isa = PBXFileReference; lastKnownFileType = folder.assetcatalog; path = "Preview Assets.xcassets"; sourceTree = "<group>"; };
		43FDE7682526486D00E48005 /* Base */ = {isa = PBXFileReference; lastKnownFileType = file.storyboard; name = Base; path = Base.lproj/LaunchScreen.storyboard; sourceTree = "<group>"; };
		43FDE76A2526486D00E48005 /* Info.plist */ = {isa = PBXFileReference; lastKnownFileType = text.plist.xml; path = Info.plist; sourceTree = "<group>"; };
/* End PBXFileReference section */

/* Begin PBXFrameworksBuildPhase section */
		43FDE7562526486500E48005 /* Frameworks */ = {
			isa = PBXFrameworksBuildPhase;
			buildActionMask = 2147483647;
			files = (
			);
			runOnlyForDeploymentPostprocessing = 0;
		};
/* End PBXFrameworksBuildPhase section */

/* Begin PBXGroup section */
		43ECFCEB2526C220000DB0E7 /* model */ = {
			isa = PBXGroup;
			children = (
				43ECFCEC2526C24B000DB0E7 /* Post.swift */,
			);
			path = model;
			sourceTree = "<group>";
		};
		43FDE7502526486500E48005 = {
			isa = PBXGroup;
			children = (
				43FDE75B2526486500E48005 /* HaitiCine */,
				43FDE75A2526486500E48005 /* Products */,
			);
			sourceTree = "<group>";
		};
		43FDE75A2526486500E48005 /* Products */ = {
			isa = PBXGroup;
			children = (
				43FDE7592526486500E48005 /* HaitiCine.app */,
			);
			name = Products;
			sourceTree = "<group>";
		};
		43FDE75B2526486500E48005 /* HaitiCine */ = {
			isa = PBXGroup;
			children = (
				43ECFCEB2526C220000DB0E7 /* model */,
				43FDE75C2526486500E48005 /* AppDelegate.swift */,
				43FDE75E2526486500E48005 /* SceneDelegate.swift */,
				43FDE7602526486500E48005 /* ContentView.swift */,
				43FDE7622526486D00E48005 /* Assets.xcassets */,
				43FDE7672526486D00E48005 /* LaunchScreen.storyboard */,
				43FDE76A2526486D00E48005 /* Info.plist */,
				43FDE7642526486D00E48005 /* Preview Content */,
				43ECFCE92526C085000DB0E7 /* TodosList.swift */,
				43ECFCEE2526C50E000DB0E7 /* DetailsPostView.swift */,
			);
			path = HaitiCine;
			sourceTree = "<group>";
		};
		43FDE7642526486D00E48005 /* Preview Content */ = {
			isa = PBXGroup;
			children = (
				43FDE7652526486D00E48005 /* Preview Assets.xcassets */,
			);
			path = "Preview Content";
			sourceTree = "<group>";
		};
/* End PBXGroup section */

/* Begin PBXNativeTarget section */
		43FDE7582526486500E48005 /* HaitiCine */ = {
			isa = PBXNativeTarget;
			buildConfigurationList = 43FDE76D2526486D00E48005 /* Build configuration list for PBXNativeTarget "HaitiCine" */;
			buildPhases = (
				43FDE7552526486500E48005 /* Sources */,
				43FDE7562526486500E48005 /* Frameworks */,
				43FDE7572526486500E48005 /* Resources */,
			);
			buildRules = (
			);
			dependencies = (
			);
			name = HaitiCine;
			productName = HaitiCine;
			productReference = 43FDE7592526486500E48005 /* HaitiCine.app */;
			productType = "com.apple.product-type.application";
		};
/* End PBXNativeTarget section */

/* Begin PBXProject section */
		43FDE7512526486500E48005 /* Project object */ = {
			isa = PBXProject;
			attributes = {
				LastSwiftUpdateCheck = 1160;
				LastUpgradeCheck = 1160;
				ORGANIZATIONNAME = "Julio Jean Fils";
				TargetAttributes = {
					43FDE7582526486500E48005 = {
						CreatedOnToolsVersion = 11.6;
					};
				};
			};
			buildConfigurationList = 43FDE7542526486500E48005 /* Build configuration list for PBXProject "HaitiCine" */;
			compatibilityVersion = "Xcode 9.3";
			developmentRegion = en;
			hasScannedForEncodings = 0;
			knownRegions = (
				en,
				Base,
			);
			mainGroup = 43FDE7502526486500E48005;
			productRefGroup = 43FDE75A2526486500E48005 /* Products */;
			projectDirPath = "";
			projectRoot = "";
			targets = (
				43FDE7582526486500E48005 /* HaitiCine */,
			);
		};
/* End PBXProject section */

/* Begin PBXResourcesBuildPhase section */
		43FDE7572526486500E48005 /* Resources */ = {
			isa = PBXResourcesBuildPhase;
			buildActionMask = 2147483647;
			files = (
				43FDE7692526486D00E48005 /* LaunchScreen.storyboard in Resources */,
				43FDE7662526486D00E48005 /* Preview Assets.xcassets in Resources */,
				43FDE7632526486D00E48005 /* Assets.xcassets in Resources */,
			);
			runOnlyForDeploymentPostprocessing = 0;
		};
/* End PBXResourcesBuildPhase section */

/* Begin PBXSourcesBuildPhase section */
		43FDE7552526486500E48005 /* Sources */ = {
			isa = PBXSourcesBuildPhase;
			buildActionMask = 2147483647;
			files = (
				43FDE75D2526486500E48005 /* AppDelegate.swift in Sources */,
				43ECFCEF2526C50E000DB0E7 /* DetailsPostView.swift in Sources */,
				43FDE75F2526486500E48005 /* SceneDelegate.swift in Sources */,
				43FDE7612526486500E48005 /* ContentView.swift in Sources */,
				43ECFCEA2526C085000DB0E7 /* TodosList.swift in Sources */,
				43ECFCED2526C24B000DB0E7 /* Post.swift in Sources */,
			);
			runOnlyForDeploymentPostprocessing = 0;
		};
/* End PBXSourcesBuildPhase section */

/* Begin PBXVariantGroup section */
		43FDE7672526486D00E48005 /* LaunchScreen.storyboard */ = {
			isa = PBXVariantGroup;
			children = (
				43FDE7682526486D00E48005 /* Base */,
			);
			name = LaunchScreen.storyboard;
			sourceTree = "<group>";
		};
/* End PBXVariantGroup section */

/* Begin XCBuildConfiguration section */
		43FDE76B2526486D00E48005 /* Debug */ = {
			isa = XCBuildConfiguration;
			buildSettings = {
				ALWAYS_SEARCH_USER_PATHS = NO;
				CLANG_ANALYZER_NONNULL = YES;
				CLANG_ANALYZER_NUMBER_OBJECT_CONVERSION = YES_AGGRESSIVE;
				CLANG_CXX_LANGUAGE_STANDARD = "gnu++14";
				CLANG_CXX_LIBRARY = "libc++";
				CLANG_ENABLE_MODULES = YES;
				CLANG_ENABLE_OBJC_ARC = YES;
				CLANG_ENABLE_OBJC_WEAK = YES;
				CLANG_WARN_BLOCK_CAPTURE_AUTORELEASING = YES;
				CLANG_WARN_BOOL_CONVERSION = YES;
				CLANG_WARN_COMMA = YES;
				CLANG_WARN_CONSTANT_CONVERSION = YES;
				CLANG_WARN_DEPRECATED_OBJC_IMPLEMENTATIONS = YES;
				CLANG_WARN_DIRECT_OBJC_ISA_USAGE = YES_ERROR;
				CLANG_WARN_DOCUMENTATION_COMMENTS = YES;
				CLANG_WARN_EMPTY_BODY = YES;
				CLANG_WARN_ENUM_CONVERSION = YES;
				CLANG_WARN_INFINITE_RECURSION = YES;
				CLANG_WARN_INT_CONVERSION = YES;
				CLANG_WARN_NON_LITERAL_NULL_CONVERSION = YES;
				CLANG_WARN_OBJC_IMPLICIT_RETAIN_SELF = YES;
				CLANG_WARN_OBJC_LITERAL_CONVERSION = YES;
				CLANG_WARN_OBJC_ROOT_CLASS = YES_ERROR;
				CLANG_WARN_RANGE_LOOP_ANALYSIS = YES;
				CLANG_WARN_STRICT_PROTOTYPES = YES;
				CLANG_WARN_SUSPICIOUS_MOVE = YES;
				CLANG_WARN_UNGUARDED_AVAILABILITY = YES_AGGRESSIVE;
				CLANG_WARN_UNREACHABLE_CODE = YES;
				CLANG_WARN__DUPLICATE_METHOD_MATCH = YES;
				COPY_PHASE_STRIP = NO;
				DEBUG_INFORMATION_FORMAT = dwarf;
				ENABLE_STRICT_OBJC_MSGSEND = YES;
				ENABLE_TESTABILITY = YES;
				GCC_C_LANGUAGE_STANDARD = gnu11;
				GCC_DYNAMIC_NO_PIC = NO;
				GCC_NO_COMMON_BLOCKS = YES;
				GCC_OPTIMIZATION_LEVEL = 0;
				GCC_PREPROCESSOR_DEFINITIONS = (
					"DEBUG=1",
					"$(inherited)",
				);
				GCC_WARN_64_TO_32_BIT_CONVERSION = YES;
				GCC_WARN_ABOUT_RETURN_TYPE = YES_ERROR;
				GCC_WARN_UNDECLARED_SELECTOR = YES;
				GCC_WARN_UNINITIALIZED_AUTOS = YES_AGGRESSIVE;
				GCC_WARN_UNUSED_FUNCTION = YES;
				GCC_WARN_UNUSED_VARIABLE = YES;
				IPHONEOS_DEPLOYMENT_TARGET = 13.6;
				MTL_ENABLE_DEBUG_INFO = INCLUDE_SOURCE;
				MTL_FAST_MATH = YES;
				ONLY_ACTIVE_ARCH = YES;
				SDKROOT = iphoneos;
				SWIFT_ACTIVE_COMPILATION_CONDITIONS = DEBUG;
				SWIFT_OPTIMIZATION_LEVEL = "-Onone";
			};
			name = Debug;
		};
		43FDE76C2526486D00E48005 /* Release */ = {
			isa = XCBuildConfiguration;
			buildSettings = {
				ALWAYS_SEARCH_USER_PATHS = NO;
				CLANG_ANALYZER_NONNULL = YES;
				CLANG_ANALYZER_NUMBER_OBJECT_CONVERSION = YES_AGGRESSIVE;
				CLANG_CXX_LANGUAGE_STANDARD = "gnu++14";
				CLANG_CXX_LIBRARY = "libc++";
				CLANG_ENABLE_MODULES = YES;
				CLANG_ENABLE_OBJC_ARC = YES;
				CLANG_ENABLE_OBJC_WEAK = YES;
				CLANG_WARN_BLOCK_CAPTURE_AUTORELEASING = YES;
				CLANG_WARN_BOOL_CONVERSION = YES;
				CLANG_WARN_COMMA = YES;
				CLANG_WARN_CONSTANT_CONVERSION = YES;
				CLANG_WARN_DEPRECATED_OBJC_IMPLEMENTATIONS = YES;
				CLANG_WARN_DIRECT_OBJC_ISA_USAGE = YES_ERROR;
				CLANG_WARN_DOCUMENTATION_COMMENTS = YES;
				CLANG_WARN_EMPTY_BODY = YES;
				CLANG_WARN_ENUM_CONVERSION = YES;
				CLANG_WARN_INFINITE_RECURSION = YES;
				CLANG_WARN_INT_CONVERSION = YES;
				CLANG_WARN_NON_LITERAL_NULL_CONVERSION = YES;
				CLANG_WARN_OBJC_IMPLICIT_RETAIN_SELF = YES;
				CLANG_WARN_OBJC_LITERAL_CONVERSION = YES;
				CLANG_WARN_OBJC_ROOT_CLASS = YES_ERROR;
				CLANG_WARN_RANGE_LOOP_ANALYSIS = YES;
				CLANG_WARN_STRICT_PROTOTYPES = YES;
				CLANG_WARN_SUSPICIOUS_MOVE = YES;
				CLANG_WARN_UNGUARDED_AVAILABILITY = YES_AGGRESSIVE;
				CLANG_WARN_UNREACHABLE_CODE = YES;
				CLANG_WARN__DUPLICATE_METHOD_MATCH = YES;
				COPY_PHASE_STRIP = NO;
				DEBUG_INFORMATION_FORMAT = "dwarf-with-dsym";
				ENABLE_NS_ASSERTIONS = NO;
				ENABLE_STRICT_OBJC_MSGSEND = YES;
				GCC_C_LANGUAGE_STANDARD = gnu11;
				GCC_NO_COMMON_BLOCKS = YES;
				GCC_WARN_64_TO_32_BIT_CONVERSION = YES;
				GCC_WARN_ABOUT_RETURN_TYPE = YES_ERROR;
				GCC_WARN_UNDECLARED_SELECTOR = YES;
				GCC_WARN_UNINITIALIZED_AUTOS = YES_AGGRESSIVE;
				GCC_WARN_UNUSED_FUNCTION = YES;
				GCC_WARN_UNUSED_VARIABLE = YES;
				IPHONEOS_DEPLOYMENT_TARGET = 13.6;
				MTL_ENABLE_DEBUG_INFO = NO;
				MTL_FAST_MATH = YES;
				SDKROOT = iphoneos;
				SWIFT_COMPILATION_MODE = wholemodule;
				SWIFT_OPTIMIZATION_LEVEL = "-O";
				VALIDATE_PRODUCT = YES;
			};
			name = Release;
		};
		43FDE76E2526486D00E48005 /* Debug */ = {
			isa = XCBuildConfiguration;
			buildSettings = {
				ASSETCATALOG_COMPILER_APPICON_NAME = AppIcon;
				CODE_SIGN_STYLE = Automatic;
				DEVELOPMENT_ASSET_PATHS = "\"HaitiCine/Preview Content\"";
				ENABLE_PREVIEWS = YES;
				INFOPLIST_FILE = HaitiCine/Info.plist;
				LD_RUNPATH_SEARCH_PATHS = (
					"$(inherited)",
					"@executable_path/Frameworks",
				);
				PRODUCT_BUNDLE_IDENTIFIER = julio.HaitiCine;
				PRODUCT_NAME = "$(TARGET_NAME)";
				SWIFT_VERSION = 5.0;
				TARGETED_DEVICE_FAMILY = "1,2";
			};
			name = Debug;
		};
		43FDE76F2526486D00E48005 /* Release */ = {
			isa = XCBuildConfiguration;
			buildSettings = {
				ASSETCATALOG_COMPILER_APPICON_NAME = AppIcon;
				CODE_SIGN_STYLE = Automatic;
				DEVELOPMENT_ASSET_PATHS = "\"HaitiCine/Preview Content\"";
				ENABLE_PREVIEWS = YES;
				INFOPLIST_FILE = HaitiCine/Info.plist;
				LD_RUNPATH_SEARCH_PATHS = (
					"$(inherited)",
					"@executable_path/Frameworks",
				);
				PRODUCT_BUNDLE_IDENTIFIER = julio.HaitiCine;
				PRODUCT_NAME = "$(TARGET_NAME)";
				SWIFT_VERSION = 5.0;
				TARGETED_DEVICE_FAMILY = "1,2";
			};
			name = Release;
		};
/* End XCBuildConfiguration section */

/* Begin XCConfigurationList section */
		43FDE7542526486500E48005 /* Build configuration list for PBXProject "HaitiCine" */ = {
			isa = XCConfigurationList;
			buildConfigurations = (
				43FDE76B2526486D00E48005 /* Debug */,
				43FDE76C2526486D00E48005 /* Release */,
			);
			defaultConfigurationIsVisible = 0;
			defaultConfigurationName = Release;
		};
		43FDE76D2526486D00E48005 /* Build configuration list for PBXNativeTarget "HaitiCine" */ = {
			isa = XCConfigurationList;
			buildConfigurations = (
				43FDE76E2526486D00E48005 /* Debug */,
				43FDE76F2526486D00E48005 /* Release */,
			);
			defaultConfigurationIsVisible = 0;
			defaultConfigurationName = Release;
		};
/* End XCConfigurationList section */
	};
	rootObject = 43FDE7512526486500E48005 /* Project object */;
}
